
Microsoft Visual Studio Solution File, Format Version 12.00
# Visual Studio 2017
Project("{FAE04EC0-301F-11D3-BF4B-00C04F79EFBC}") = "DesignAR", "DesignAR.csproj", "{C022B37B-5608-F1D3-111F-553EF18F447E}"
EndProject
Project("{FAE04EC0-301F-11D3-BF4B-00C04F79EFBC}") = "DesignAR.Editor", "DesignAR.Editor.csproj", "{69E62070-578C-C3C1-21B1-C2C55D133580}"
EndProject
Global
	GlobalSection(SolutionConfigurationPlatforms) = preSolution
		Debug|Any CPU = Debug|Any CPU
		Release|Any CPU = Release|Any CPU
	EndGlobalSection
	GlobalSection(ProjectConfigurationPlatforms) = postSolution
		{C022B37B-5608-F1D3-111F-553EF18F447E}.Debug|Any CPU.ActiveCfg = Debug|Any CPU
		{C022B37B-5608-F1D3-111F-553EF18F447E}.Debug|Any CPU.Build.0 = Debug|Any CPU
		{C022B37B-5608-F1D3-111F-553EF18F447E}.Release|Any CPU.ActiveCfg = Release|Any CPU
		{C022B37B-5608-F1D3-111F-553EF18F447E}.Release|Any CPU.Build.0 = Release|Any CPU
		{69E62070-578C-C3C1-21B1-C2C55D133580}.Debug|Any CPU.ActiveCfg = Debug|Any CPU
		{69E62070-578C-C3C1-21B1-C2C55D133580}.Debug|Any CPU.Build.0 = Debug|Any CPU
		{69E62070-578C-C3C1-21B1-C2C55D133580}.Release|Any CPU.ActiveCfg = Release|Any CPU
		{69E62070-578C-C3C1-21B1-C2C55D133580}.Release|Any CPU.Build.0 = Release|Any CPU
	EndGlobalSection
	GlobalSection(SolutionProperties) = preSolution
		HideSolutionNode = FALSE
	EndGlobalSection
EndGlobal
